
Microsoft Visual Studio Solution File, Format Version 12.00
# Visual Studio Version 16
VisualStudioVersion = 16.0.30621.155
MinimumVisualStudioVersion = 10.0.40219.1
Project("{FAE04EC0-301F-11D3-BF4B-00C04F79EFBC}") = "fptRecruitingExercise", "fptRecruitingExercise.csproj", "{AC6BB093-AEE6-4A08-A548-59D23E0DC695}"
EndProject
Project("{00D1A9C2-B5F0-4AF3-8072-F6C62B433612}") = "fptRecruitingExercise.Database", "fptRecruitingExercise.Database\fptRecruitingExercise.Database.sqlproj", "{C0587F15-718F-4E4A-B02C-909BC8C4A026}"
EndProject
Global
	GlobalSection(SolutionConfigurationPlatforms) = preSolution
		Debug|Any CPU = Debug|Any CPU
		Release|Any CPU = Release|Any CPU
	EndGlobalSection
	GlobalSection(ProjectConfigurationPlatforms) = postSolution
		{AC6BB093-AEE6-4A08-A548-59D23E0DC695}.Debug|Any CPU.ActiveCfg = Debug|Any CPU
		{AC6BB093-AEE6-4A08-A548-59D23E0DC695}.Debug|Any CPU.Build.0 = Debug|Any CPU
		{AC6BB093-AEE6-4A08-A548-59D23E0DC695}.Release|Any CPU.ActiveCfg = Release|Any CPU
		{AC6BB093-AEE6-4A08-A548-59D23E0DC695}.Release|Any CPU.Build.0 = Release|Any CPU
		{C0587F15-718F-4E4A-B02C-909BC8C4A026}.Debug|Any CPU.ActiveCfg = Debug|Any CPU
		{C0587F15-718F-4E4A-B02C-909BC8C4A026}.Debug|Any CPU.Build.0 = Debug|Any CPU
		{C0587F15-718F-4E4A-B02C-909BC8C4A026}.Debug|Any CPU.Deploy.0 = Debug|Any CPU
		{C0587F15-718F-4E4A-B02C-909BC8C4A026}.Release|Any CPU.ActiveCfg = Release|Any CPU
		{C0587F15-718F-4E4A-B02C-909BC8C4A026}.Release|Any CPU.Build.0 = Release|Any CPU
		{C0587F15-718F-4E4A-B02C-909BC8C4A026}.Release|Any CPU.Deploy.0 = Release|Any CPU
	EndGlobalSection
	GlobalSection(SolutionProperties) = preSolution
		HideSolutionNode = FALSE
	EndGlobalSection
	GlobalSection(ExtensibilityGlobals) = postSolution
		SolutionGuid = {B71E48AE-547F-46BD-8378-280604E4632C}
	EndGlobalSection
EndGlobal
